# THIS IS AN AUTOGENERATED FILE. DO NOT EDIT THIS FILE DIRECTLY.
# yarn lockfile v1


async@^2.5.0:
  version "2.5.0"
  resolved "https://registry.yarnpkg.com/async/-/async-2.5.0.tgz#843190fd6b7357a0b9e1c956edddd5ec8462b54d"
  dependencies:
    lodash "^4.14.0"

backoff@~2.3.0:
  version "2.3.0"
  resolved "https://registry.yarnpkg.com/backoff/-/backoff-2.3.0.tgz#ee7c7e38093f92e472859db635e7652454fc21ea"

colors@^1.1.2:
  version "1.1.2"
  resolved "https://registry.yarnpkg.com/colors/-/colors-1.1.2.tgz#168a4701756b6a7f51a12ce0c97bfa28c084ed63"

core-util-is@~1.0.0:
  version "1.0.2"
  resolved "https://registry.yarnpkg.com/core-util-is/-/core-util-is-1.0.2.tgz#b5fd54220aa2bc5ab57aab7140c940754503c1a7"

crypto@0.0.3:
  version "0.0.3"
  resolved "https://registry.yarnpkg.com/crypto/-/crypto-0.0.3.tgz#470a81b86be4c5ee17acc8207a1f5315ae20dbb0"

debug@~0.7.0:
  version "0.7.4"
  resolved "https://registry.yarnpkg.com/debug/-/debug-0.7.4.tgz#06e1ea8082c2cb14e39806e22e2f6f757f92af39"

directory-tree@^2.0.0:
  version "2.0.0"
  resolved "https://registry.yarnpkg.com/directory-tree/-/directory-tree-2.0.0.tgz#c0a5fa0d642a1b1b7d10351b3c1db429770d8946"

duplexer@0.0.2:
  version "0.0.2"
  resolved "https://registry.yarnpkg.com/duplexer/-/duplexer-0.0.2.tgz#277f5c7dddc4fac1a170ca061b098cf33d5d333f"

duplexer@~0.0.2:
  version "0.0.4"
  resolved "https://registry.yarnpkg.com/duplexer/-/duplexer-0.0.4.tgz#afcb7f1f8b8d74f820726171d5d64ac9e4a8ff20"

end-stream@~0.1.0:
  version "0.1.0"
  resolved "https://registry.yarnpkg.com/end-stream/-/end-stream-0.1.0.tgz#32003f3f438a2b0143168137f8fa6e9866c81ed5"
  dependencies:
    write-stream "~0.4.3"

event-stream@3.0.16:
  version "3.0.16"
  resolved "https://registry.yarnpkg.com/event-stream/-/event-stream-3.0.16.tgz#3523458eb1d827fac6ae26a7563dbae9c0e9a43b"
  dependencies:
    duplexer "~0.0.2"
    from "~0"
    map-stream "0.0.2"
    pause-stream "0.0.10"
    split "0.2"
    stream-combiner "0.0.0"
    through "~2.3.1"

from@~0:
  version "0.1.7"
  resolved "https://registry.yarnpkg.com/from/-/from-0.1.7.tgz#83c60afc58b9c56997007ed1a768b3ab303a44fe"

inherits@~2.0.1:
  version "2.0.3"
  resolved "https://registry.yarnpkg.com/inherits/-/inherits-2.0.3.tgz#633c2c83e3da42a502f52466022480f4208261de"

isarray@0.0.1:
  version "0.0.1"
  resolved "https://registry.yarnpkg.com/isarray/-/isarray-0.0.1.tgz#8a18acfca9a8f4177e09abfc6038939b05d1eedf"

knox@~0.8.3:
  version "0.8.10"
  resolved "https://registry.yarnpkg.com/knox/-/knox-0.8.10.tgz#6a2edcdac1d2ae379d1e1994d559b95c283b2588"
  dependencies:
    debug "~0.7.0"
    mime "*"
    stream-counter "~0.1.0"
    xml2js "0.2.x"

level-write-stream@^1.0.0:
  version "1.0.0"
  resolved "https://registry.yarnpkg.com/level-write-stream/-/level-write-stream-1.0.0.tgz#3f7fbb679a55137c0feb303dee766e12ee13c1dc"
  dependencies:
    end-stream "~0.1.0"

lodash@^4.14.0:
  version "4.17.4"
  resolved "https://registry.yarnpkg.com/lodash/-/lodash-4.17.4.tgz#78203a4d1c328ae1d86dca6460e369b57f4055ae"

map-stream@0.0.2:
  version "0.0.2"
  resolved "https://registry.yarnpkg.com/map-stream/-/map-stream-0.0.2.tgz#2fb8d4063cc58eec6953bfab1b2f44271d1c8765"

mime@*:
  version "1.4.0"
  resolved "https://registry.yarnpkg.com/mime/-/mime-1.4.0.tgz#69e9e0db51d44f2a3b56e48b7817d7d137f1a343"

mime@~1.2.9:
  version "1.2.11"
  resolved "https://registry.yarnpkg.com/mime/-/mime-1.2.11.tgz#58203eed86e3a5ef17aed2b7d9ebd47f0a60dd10"

node-env-file@^0.1.8:
  version "0.1.8"
  resolved "https://registry.yarnpkg.com/node-env-file/-/node-env-file-0.1.8.tgz#fccb7b050f735b5a33da9eb937cf6f1ab457fb69"

once@~1.1.1:
  version "1.1.1"
  resolved "https://registry.yarnpkg.com/once/-/once-1.1.1.tgz#9db574933ccb08c3a7614d154032c09ea6f339e7"

pause-stream@0.0.10:
  version "0.0.10"
  resolved "https://registry.yarnpkg.com/pause-stream/-/pause-stream-0.0.10.tgz#e716d5c168919ddbdd4dda28a589cd4b0a5d5a20"
  dependencies:
    through "~2.3"

queue-async@~1.0.4:
  version "1.0.7"
  resolved "https://registry.yarnpkg.com/queue-async/-/queue-async-1.0.7.tgz#22ae0a1dac4a92f5bcd4634f993c682a2a810945"

readable-stream@~0.0.2:
  version "0.0.4"
  resolved "https://registry.yarnpkg.com/readable-stream/-/readable-stream-0.0.4.tgz#f32d76e3fb863344a548d79923007173665b3b8d"

readable-stream@~1.0.2:
  version "1.0.34"
  resolved "https://registry.yarnpkg.com/readable-stream/-/readable-stream-1.0.34.tgz#125820e34bc842d2f2aaafafe4c2916ee32c157c"
  dependencies:
    core-util-is "~1.0.0"
    inherits "~2.0.1"
    isarray "0.0.1"
    string_decoder "~0.10.x"

s3-sync@^1.0.1:
  version "1.0.1"
  resolved "https://registry.yarnpkg.com/s3-sync/-/s3-sync-1.0.1.tgz#647b302f927b6cc8c785bf75e41bcb29b4840d32"
  dependencies:
    backoff "~2.3.0"
    crypto "0.0.3"
    event-stream "3.0.16"
    knox "~0.8.3"
    level-write-stream "^1.0.0"
    mime "~1.2.9"
    once "~1.1.1"
    queue-async "~1.0.4"
    xtend "~4.0.0"

sax@0.5.x:
  version "0.5.8"
  resolved "https://registry.yarnpkg.com/sax/-/sax-0.5.8.tgz#d472db228eb331c2506b0e8c15524adb939d12c1"

split@0.2:
  version "0.2.10"
  resolved "https://registry.yarnpkg.com/split/-/split-0.2.10.tgz#67097c601d697ce1368f418f06cd201cf0521a57"
  dependencies:
    through "2"

stream-combiner@0.0.0:
  version "0.0.0"
  resolved "https://registry.yarnpkg.com/stream-combiner/-/stream-combiner-0.0.0.tgz#250ec42c28bb1cda6250f533e4e41b235587162c"
  dependencies:
    duplexer "0.0.2"

stream-counter@~0.1.0:
  version "0.1.0"
  resolved "https://registry.yarnpkg.com/stream-counter/-/stream-counter-0.1.0.tgz#a035e429361fb57f361606e17fcd8a8b9677327b"
  dependencies:
    readable-stream "~1.0.2"

string_decoder@~0.10.x:
  version "0.10.31"
  resolved "https://registry.yarnpkg.com/string_decoder/-/string_decoder-0.10.31.tgz#62e203bc41766c6c28c9fc84301dab1c5310fa94"

through@2, through@~2.3, through@~2.3.1:
  version "2.3.8"
  resolved "https://registry.yarnpkg.com/through/-/through-2.3.8.tgz#0dd4c9ffaabc357960b1b724115d7e0e86a2e1f5"

write-stream@~0.4.3:
  version "0.4.3"
  resolved "https://registry.yarnpkg.com/write-stream/-/write-stream-0.4.3.tgz#83cc8c0347d0af6057a93862b4e3ae01de5c81c1"
  dependencies:
    readable-stream "~0.0.2"

xml2js@0.2.x:
  version "0.2.8"
  resolved "https://registry.yarnpkg.com/xml2js/-/xml2js-0.2.8.tgz#9b81690931631ff09d1957549faf54f4f980b3c2"
  dependencies:
    sax "0.5.x"

xtend@~4.0.0:
  version "4.0.1"
  resolved "https://registry.yarnpkg.com/xtend/-/xtend-4.0.1.tgz#a5c6d532be656e23db820efb943a1f04998d63af"
